
Microsoft Visual Studio Solution File, Format Version 11.00
# Visual Studio 2010
Project("{E24C65DC-7377-472B-9ABA-BC803B73C61A}") = "WNS", "..\WNS", "{B445F18D-2043-4D6A-887D-5657EA39090C}"
	ProjectSection(WebsiteProperties) = preProject
		SccProjectName = "SAK"
		SccAuxPath = "SAK"
		SccLocalPath = "SAK"
		SccProvider = "SAK"
		TargetFrameworkMoniker = ".NETFramework,Version%3Dv4.0"
		Debug.AspNetCompiler.VirtualPath = "/WNS"
		Debug.AspNetCompiler.PhysicalPath = "..\WNS\"
		Debug.AspNetCompiler.TargetPath = "PrecompiledWeb\WNS\"
		Debug.AspNetCompiler.Updateable = "true"
		Debug.AspNetCompiler.ForceOverwrite = "true"
		Debug.AspNetCompiler.FixedNames = "false"
		Debug.AspNetCompiler.Debug = "True"
		Release.AspNetCompiler.VirtualPath = "/WNS"
		Release.AspNetCompiler.PhysicalPath = "..\WNS\"
		Release.AspNetCompiler.TargetPath = "PrecompiledWeb\WNS\"
		Release.AspNetCompiler.Updateable = "true"
		Release.AspNetCompiler.ForceOverwrite = "true"
		Release.AspNetCompiler.FixedNames = "false"
		Release.AspNetCompiler.Debug = "False"
		VWDPort = "5353"
	EndProjectSection
EndProject
Global
	GlobalSection(TeamFoundationVersionControl) = preSolution
		SccNumberOfProjects = 2
		SccEnterpriseProvider = {4CA58AB2-18FA-4F8D-95D4-32DDF27D184C}
		SccTeamFoundationServer = http://0tfs:8080/
		SccLocalPath0 = .
		SccWebProject1 = true
		SccProjectUniqueName1 = .
		SccLocalPath1 = .
		SccProjectEnlistmentChoice1 = 2
	EndGlobalSection
	GlobalSection(SolutionConfigurationPlatforms) = preSolution
		Debug|Any CPU = Debug|Any CPU
	EndGlobalSection
	GlobalSection(ProjectConfigurationPlatforms) = postSolution
		{B445F18D-2043-4D6A-887D-5657EA39090C}.Debug|Any CPU.ActiveCfg = Debug|Any CPU
		{B445F18D-2043-4D6A-887D-5657EA39090C}.Debug|Any CPU.Build.0 = Debug|Any CPU
	EndGlobalSection
	GlobalSection(SolutionProperties) = preSolution
		HideSolutionNode = FALSE
	EndGlobalSection
EndGlobal
